
Microsoft Visual Studio Solution File, Format Version 12.00
# Visual Studio 14
VisualStudioVersion = 14.0.25420.1
MinimumVisualStudioVersion = 10.0.40219.1
Project("{FAE04EC0-301F-11D3-BF4B-00C04F79EFBC}") = "PissServer", "PissServer\PissServer.csproj", "{713B301C-7C86-44D3-AC90-E286FC3944AD}"
EndProject
Project("{FAE04EC0-301F-11D3-BF4B-00C04F79EFBC}") = "PissServer.Tests", "PissServer.Tests\PissServer.Tests.csproj", "{ED05B57E-C197-4FB4-BBC5-EF18B858FF84}"
EndProject
Global
	GlobalSection(SolutionConfigurationPlatforms) = preSolution
		Debug|Any CPU = Debug|Any CPU
		Release|Any CPU = Release|Any CPU
	EndGlobalSection
	GlobalSection(ProjectConfigurationPlatforms) = postSolution
		{713B301C-7C86-44D3-AC90-E286FC3944AD}.Debug|Any CPU.ActiveCfg = Debug|Any CPU
		{713B301C-7C86-44D3-AC90-E286FC3944AD}.Debug|Any CPU.Build.0 = Debug|Any CPU
		{713B301C-7C86-44D3-AC90-E286FC3944AD}.Release|Any CPU.ActiveCfg = Release|Any CPU
		{713B301C-7C86-44D3-AC90-E286FC3944AD}.Release|Any CPU.Build.0 = Release|Any CPU
		{ED05B57E-C197-4FB4-BBC5-EF18B858FF84}.Debug|Any CPU.ActiveCfg = Debug|Any CPU
		{ED05B57E-C197-4FB4-BBC5-EF18B858FF84}.Debug|Any CPU.Build.0 = Debug|Any CPU
		{ED05B57E-C197-4FB4-BBC5-EF18B858FF84}.Release|Any CPU.ActiveCfg = Release|Any CPU
		{ED05B57E-C197-4FB4-BBC5-EF18B858FF84}.Release|Any CPU.Build.0 = Release|Any CPU
	EndGlobalSection
	GlobalSection(SolutionProperties) = preSolution
		HideSolutionNode = FALSE
	EndGlobalSection
EndGlobal
